
Microsoft Visual Studio Solution File, Format Version 12.00
# Visual Studio Version 17
VisualStudioVersion = 17.14.36908.2
MinimumVisualStudioVersion = 10.0.40219.1
Project("{FAE04EC0-301F-11D3-BF4B-00C04F79EFBC}") = "Admission", "Admission\Admission.csproj", "{569777A7-9298-4E08-AD44-3D5F9DDD4DBC}"
	ProjectSection(ProjectDependencies) = postProject
		{419EF822-649F-4DCB-961A-D53518C4A5D7} = {419EF822-649F-4DCB-961A-D53518C4A5D7}
		{61E8962B-337A-43F0-AABB-CE90C30CBAC1} = {61E8962B-337A-43F0-AABB-CE90C30CBAC1}
		{267E84B7-778B-47AA-8684-6BF4A15EDD1E} = {267E84B7-778B-47AA-8684-6BF4A15EDD1E}
		{8DE8FDCF-6AE9-4492-8918-DDE628A5DF13} = {8DE8FDCF-6AE9-4492-8918-DDE628A5DF13}
	EndProjectSection
EndProject
Project("{FAE04EC0-301F-11D3-BF4B-00C04F79EFBC}") = "DAL", "DAL\DAL.csproj", "{8DE8FDCF-6AE9-4492-8918-DDE628A5DF13}"
EndProject
Project("{FAE04EC0-301F-11D3-BF4B-00C04F79EFBC}") = "DATAMANAGER", "DATAMANAGER\DATAMANAGER.csproj", "{267E84B7-778B-47AA-8684-6BF4A15EDD1E}"
EndProject
Project("{FAE04EC0-301F-11D3-BF4B-00C04F79EFBC}") = "CommonUtility", "CommonUtility\CommonUtility.csproj", "{61E8962B-337A-43F0-AABB-CE90C30CBAC1}"
EndProject
Project("{FAE04EC0-301F-11D3-BF4B-00C04F79EFBC}") = "DAL_Log", "DAL_Log\DAL_Log.csproj", "{419EF822-649F-4DCB-961A-D53518C4A5D7}"
EndProject
Project("{FAE04EC0-301F-11D3-BF4B-00C04F79EFBC}") = "DAL_UCAM", "DAL_UCAM\DAL_UCAM.csproj", "{7B485C79-388D-42AD-B031-6F44FB7A5006}"
EndProject
Global
	GlobalSection(SolutionConfigurationPlatforms) = preSolution
		Debug|Any CPU = Debug|Any CPU
		Release|Any CPU = Release|Any CPU
	EndGlobalSection
	GlobalSection(ProjectConfigurationPlatforms) = postSolution
		{569777A7-9298-4E08-AD44-3D5F9DDD4DBC}.Debug|Any CPU.ActiveCfg = Debug|Any CPU
		{569777A7-9298-4E08-AD44-3D5F9DDD4DBC}.Debug|Any CPU.Build.0 = Debug|Any CPU
		{569777A7-9298-4E08-AD44-3D5F9DDD4DBC}.Release|Any CPU.ActiveCfg = Release|Any CPU
		{569777A7-9298-4E08-AD44-3D5F9DDD4DBC}.Release|Any CPU.Build.0 = Release|Any CPU
		{8DE8FDCF-6AE9-4492-8918-DDE628A5DF13}.Debug|Any CPU.ActiveCfg = Debug|Any CPU
		{8DE8FDCF-6AE9-4492-8918-DDE628A5DF13}.Debug|Any CPU.Build.0 = Debug|Any CPU
		{8DE8FDCF-6AE9-4492-8918-DDE628A5DF13}.Release|Any CPU.ActiveCfg = Release|Any CPU
		{8DE8FDCF-6AE9-4492-8918-DDE628A5DF13}.Release|Any CPU.Build.0 = Release|Any CPU
		{267E84B7-778B-47AA-8684-6BF4A15EDD1E}.Debug|Any CPU.ActiveCfg = Debug|Any CPU
		{267E84B7-778B-47AA-8684-6BF4A15EDD1E}.Debug|Any CPU.Build.0 = Debug|Any CPU
		{267E84B7-778B-47AA-8684-6BF4A15EDD1E}.Release|Any CPU.ActiveCfg = Release|Any CPU
		{267E84B7-778B-47AA-8684-6BF4A15EDD1E}.Release|Any CPU.Build.0 = Release|Any CPU
		{61E8962B-337A-43F0-AABB-CE90C30CBAC1}.Debug|Any CPU.ActiveCfg = Debug|Any CPU
		{61E8962B-337A-43F0-AABB-CE90C30CBAC1}.Debug|Any CPU.Build.0 = Debug|Any CPU
		{61E8962B-337A-43F0-AABB-CE90C30CBAC1}.Release|Any CPU.ActiveCfg = Release|Any CPU
		{61E8962B-337A-43F0-AABB-CE90C30CBAC1}.Release|Any CPU.Build.0 = Release|Any CPU
		{419EF822-649F-4DCB-961A-D53518C4A5D7}.Debug|Any CPU.ActiveCfg = Debug|Any CPU
		{419EF822-649F-4DCB-961A-D53518C4A5D7}.Debug|Any CPU.Build.0 = Debug|Any CPU
		{419EF822-649F-4DCB-961A-D53518C4A5D7}.Release|Any CPU.ActiveCfg = Release|Any CPU
		{419EF822-649F-4DCB-961A-D53518C4A5D7}.Release|Any CPU.Build.0 = Release|Any CPU
		{7B485C79-388D-42AD-B031-6F44FB7A5006}.Debug|Any CPU.ActiveCfg = Debug|Any CPU
		{7B485C79-388D-42AD-B031-6F44FB7A5006}.Debug|Any CPU.Build.0 = Debug|Any CPU
		{7B485C79-388D-42AD-B031-6F44FB7A5006}.Release|Any CPU.ActiveCfg = Release|Any CPU
		{7B485C79-388D-42AD-B031-6F44FB7A5006}.Release|Any CPU.Build.0 = Release|Any CPU
	EndGlobalSection
	GlobalSection(SolutionProperties) = preSolution
		HideSolutionNode = FALSE
	EndGlobalSection
	GlobalSection(ExtensibilityGlobals) = postSolution
		SolutionGuid = {38922126-193B-4463-9178-CC2A946E2A4F}
	EndGlobalSection
EndGlobal
